
Microsoft Visual Studio Solution File, Format Version 12.00
# Visual Studio Version 17
VisualStudioVersion = 17.10.34916.146
MinimumVisualStudioVersion = 10.0.40219.1
Project("{9A19103F-16F7-4668-BE54-9A1E7A4F7556}") = "ECommerceAPI.Entity", "ECommerceAPI.Entity\ECommerceAPI.Entity.csproj", "{3F1CA9BF-64E7-4E4D-B1F0-F4ABFB34A391}"
EndProject
Project("{9A19103F-16F7-4668-BE54-9A1E7A4F7556}") = "ECommerceAPI.DAL", "ECommerceAPI.DAL\ECommerceAPI.DAL.csproj", "{49162E0D-8C6A-4D17-9500-32D916C48A12}"
EndProject
Project("{9A19103F-16F7-4668-BE54-9A1E7A4F7556}") = "ECommerceAPI.Business", "ECommerceAPI.Business\ECommerceAPI.Business.csproj", "{55EBA656-9D2E-40FF-BFD5-A5193FC99370}"
EndProject
Project("{FAE04EC0-301F-11D3-BF4B-00C04F79EFBC}") = "EcommerceAPI.Api", "EcommerceAPI.Api\EcommerceAPI.Api.csproj", "{2D425019-13E3-4AF1-8063-84F756E96204}"
EndProject
Global
	GlobalSection(SolutionConfigurationPlatforms) = preSolution
		Debug|Any CPU = Debug|Any CPU
		Release|Any CPU = Release|Any CPU
	EndGlobalSection
	GlobalSection(ProjectConfigurationPlatforms) = postSolution
		{3F1CA9BF-64E7-4E4D-B1F0-F4ABFB34A391}.Debug|Any CPU.ActiveCfg = Debug|Any CPU
		{3F1CA9BF-64E7-4E4D-B1F0-F4ABFB34A391}.Debug|Any CPU.Build.0 = Debug|Any CPU
		{3F1CA9BF-64E7-4E4D-B1F0-F4ABFB34A391}.Release|Any CPU.ActiveCfg = Release|Any CPU
		{3F1CA9BF-64E7-4E4D-B1F0-F4ABFB34A391}.Release|Any CPU.Build.0 = Release|Any CPU
		{49162E0D-8C6A-4D17-9500-32D916C48A12}.Debug|Any CPU.ActiveCfg = Debug|Any CPU
		{49162E0D-8C6A-4D17-9500-32D916C48A12}.Debug|Any CPU.Build.0 = Debug|Any CPU
		{49162E0D-8C6A-4D17-9500-32D916C48A12}.Release|Any CPU.ActiveCfg = Release|Any CPU
		{49162E0D-8C6A-4D17-9500-32D916C48A12}.Release|Any CPU.Build.0 = Release|Any CPU
		{55EBA656-9D2E-40FF-BFD5-A5193FC99370}.Debug|Any CPU.ActiveCfg = Debug|Any CPU
		{55EBA656-9D2E-40FF-BFD5-A5193FC99370}.Debug|Any CPU.Build.0 = Debug|Any CPU
		{55EBA656-9D2E-40FF-BFD5-A5193FC99370}.Release|Any CPU.ActiveCfg = Release|Any CPU
		{55EBA656-9D2E-40FF-BFD5-A5193FC99370}.Release|Any CPU.Build.0 = Release|Any CPU
		{2D425019-13E3-4AF1-8063-84F756E96204}.Debug|Any CPU.ActiveCfg = Debug|Any CPU
		{2D425019-13E3-4AF1-8063-84F756E96204}.Debug|Any CPU.Build.0 = Debug|Any CPU
		{2D425019-13E3-4AF1-8063-84F756E96204}.Release|Any CPU.ActiveCfg = Release|Any CPU
		{2D425019-13E3-4AF1-8063-84F756E96204}.Release|Any CPU.Build.0 = Release|Any CPU
	EndGlobalSection
	GlobalSection(SolutionProperties) = preSolution
		HideSolutionNode = FALSE
	EndGlobalSection
	GlobalSection(ExtensibilityGlobals) = postSolution
		SolutionGuid = {56C7C332-95EC-4CFA-92D1-68D0C3F84EFB}
	EndGlobalSection
EndGlobal
